// !$*UTF8*$!
{
	archiveVersion = 1;
	classes = {
	};
	objectVersion = 46;
	objects = {

/* Begin PBXBuildFile section */
		E91794221CC62EE500AADF09 /* pictures.swift in Sources */ = {isa = PBXBuildFile; fileRef = E91794211CC62EE500AADF09 /* pictures.swift */; };
		E92071691CA9310300363953 /* ProfileViewController.swift in Sources */ = {isa = PBXBuildFile; fileRef = E92071681CA9310300363953 /* ProfileViewController.swift */; };
		E920716B1CB3BC3200363953 /* Jobs.swift in Sources */ = {isa = PBXBuildFile; fileRef = E920716A1CB3BC3200363953 /* Jobs.swift */; };
		E920716D1CBCD1EA00363953 /* PostJobViewController.swift in Sources */ = {isa = PBXBuildFile; fileRef = E920716C1CBCD1EA00363953 /* PostJobViewController.swift */; };
		E920716F1CBE5A3600363953 /* ViewProfileViewController.swift in Sources */ = {isa = PBXBuildFile; fileRef = E920716E1CBE5A3600363953 /* ViewProfileViewController.swift */; };
		E9B6C6491C81DB4500F57DE8 /* AppDelegate.swift in Sources */ = {isa = PBXBuildFile; fileRef = E9B6C6481C81DB4500F57DE8 /* AppDelegate.swift */; };
		E9B6C64B1C81DB4500F57DE8 /* ViewController.swift in Sources */ = {isa = PBXBuildFile; fileRef = E9B6C64A1C81DB4500F57DE8 /* ViewController.swift */; };
		E9B6C64E1C81DB4500F57DE8 /* Main.storyboard in Resources */ = {isa = PBXBuildFile; fileRef = E9B6C64C1C81DB4500F57DE8 /* Main.storyboard */; };
		E9B6C6511C81DB4500F57DE8 /* SDP.xcdatamodeld in Sources */ = {isa = PBXBuildFile; fileRef = E9B6C64F1C81DB4500F57DE8 /* SDP.xcdatamodeld */; };
		E9B6C6531C81DB4500F57DE8 /* Assets.xcassets in Resources */ = {isa = PBXBuildFile; fileRef = E9B6C6521C81DB4500F57DE8 /* Assets.xcassets */; };
		E9B6C6561C81DB4500F57DE8 /* LaunchScreen.storyboard in Resources */ = {isa = PBXBuildFile; fileRef = E9B6C6541C81DB4500F57DE8 /* LaunchScreen.storyboard */; };
		E9B6C6611C81DB4600F57DE8 /* SDPTests.swift in Sources */ = {isa = PBXBuildFile; fileRef = E9B6C6601C81DB4600F57DE8 /* SDPTests.swift */; };
		E9B6C66C1C81DB4600F57DE8 /* SDPUITests.swift in Sources */ = {isa = PBXBuildFile; fileRef = E9B6C66B1C81DB4600F57DE8 /* SDPUITests.swift */; };
		E9B6C67A1C81E1D700F57DE8 /* Authentication.swift in Sources */ = {isa = PBXBuildFile; fileRef = E9B6C6791C81E1D700F57DE8 /* Authentication.swift */; };
		E9B7BB1E1CCA742D001AD871 /* Slide1.PNG in Resources */ = {isa = PBXBuildFile; fileRef = E9B7BB171CCA742D001AD871 /* Slide1.PNG */; };
		E9B7BB201CCA742D001AD871 /* Slide3.PNG in Resources */ = {isa = PBXBuildFile; fileRef = E9B7BB191CCA742D001AD871 /* Slide3.PNG */; };
		E9B7BB211CCA742D001AD871 /* Slide5.PNG in Resources */ = {isa = PBXBuildFile; fileRef = E9B7BB1A1CCA742D001AD871 /* Slide5.PNG */; };
		E9B7BB221CCA742D001AD871 /* Slide6.PNG in Resources */ = {isa = PBXBuildFile; fileRef = E9B7BB1B1CCA742D001AD871 /* Slide6.PNG */; };
		E9B7BB231CCA742D001AD871 /* Slide7.PNG in Resources */ = {isa = PBXBuildFile; fileRef = E9B7BB1C1CCA742D001AD871 /* Slide7.PNG */; };
		E9B7BB241CCA742D001AD871 /* Slide8.PNG in Resources */ = {isa = PBXBuildFile; fileRef = E9B7BB1D1CCA742D001AD871 /* Slide8.PNG */; };
		E9B7BB261CCA8A2C001AD871 /* Slide2.PNG in Resources */ = {isa = PBXBuildFile; fileRef = E9B7BB251CCA8A2C001AD871 /* Slide2.PNG */; };
		E9B7BB281CCA98F2001AD871 /* BestFix2.png in Resources */ = {isa = PBXBuildFile; fileRef = E9B7BB271CCA98F2001AD871 /* BestFix2.png */; };
		E9B7BB2A1CCC092E001AD871 /* ProviderViewController.swift in Sources */ = {isa = PBXBuildFile; fileRef = E9B7BB291CCC092E001AD871 /* ProviderViewController.swift */; };
		E9B7BB2C1CCC0997001AD871 /* ViewJobsViewController.swift in Sources */ = {isa = PBXBuildFile; fileRef = E9B7BB2B1CCC0997001AD871 /* ViewJobsViewController.swift */; };
		E9B7BB2E1CCC0EE0001AD871 /* tableviewcellviewjobs.swift in Sources */ = {isa = PBXBuildFile; fileRef = E9B7BB2D1CCC0EE0001AD871 /* tableviewcellviewjobs.swift */; };
		E9C196AD1CCCB451001144AF /* viewBidsViewController.swift in Sources */ = {isa = PBXBuildFile; fileRef = E9C196AC1CCCB451001144AF /* viewBidsViewController.swift */; };
		E9C196AF1CCCB4CA001144AF /* tableviewcellviewbids.swift in Sources */ = {isa = PBXBuildFile; fileRef = E9C196AE1CCCB4CA001144AF /* tableviewcellviewbids.swift */; };
		E9CB1FAE1C95EA9100EB0D61 /* MainPageViewController.swift in Sources */ = {isa = PBXBuildFile; fileRef = E9CB1FAD1C95EA9100EB0D61 /* MainPageViewController.swift */; };
		E9D838681CA19C8F00BD378E /* LoggedInViewController.swift in Sources */ = {isa = PBXBuildFile; fileRef = E9D838671CA19C8F00BD378E /* LoggedInViewController.swift */; };
/* End PBXBuildFile section */

/* Begin PBXContainerItemProxy section */
		E9B6C65D1C81DB4600F57DE8 /* PBXContainerItemProxy */ = {
			isa = PBXContainerItemProxy;
			containerPortal = E9B6C63D1C81DB4400F57DE8 /* Project object */;
			proxyType = 1;
			remoteGlobalIDString = E9B6C6441C81DB4400F57DE8;
			remoteInfo = SDP;
		};
		E9B6C6681C81DB4600F57DE8 /* PBXContainerItemProxy */ = {
			isa = PBXContainerItemProxy;
			containerPortal = E9B6C63D1C81DB4400F57DE8 /* Project object */;
			proxyType = 1;
			remoteGlobalIDString = E9B6C6441C81DB4400F57DE8;
			remoteInfo = SDP;
		};
/* End PBXContainerItemProxy section */

/* Begin PBXFileReference section */
		E91794211CC62EE500AADF09 /* pictures.swift */ = {isa = PBXFileReference; fileEncoding = 4; lastKnownFileType = sourcecode.swift; path = pictures.swift; sourceTree = "<group>"; };
		E92071681CA9310300363953 /* ProfileViewController.swift */ = {isa = PBXFileReference; fileEncoding = 4; lastKnownFileType = sourcecode.swift; name = ProfileViewController.swift; path = ../ProfileViewController.swift; sourceTree = "<group>"; };
		E920716A1CB3BC3200363953 /* Jobs.swift */ = {isa = PBXFileReference; fileEncoding = 4; lastKnownFileType = sourcecode.swift; path = Jobs.swift; sourceTree = "<group>"; };
		E920716C1CBCD1EA00363953 /* PostJobViewController.swift */ = {isa = PBXFileReference; fileEncoding = 4; lastKnownFileType = sourcecode.swift; path = PostJobViewController.swift; sourceTree = "<group>"; };
		E920716E1CBE5A3600363953 /* ViewProfileViewController.swift */ = {isa = PBXFileReference; fileEncoding = 4; lastKnownFileType = sourcecode.swift; path = ViewProfileViewController.swift; sourceTree = "<group>"; };
		E9B6C6451C81DB4500F57DE8 /* SDP.app */ = {isa = PBXFileReference; explicitFileType = wrapper.application; includeInIndex = 0; path = SDP.app; sourceTree = BUILT_PRODUCTS_DIR; };
		E9B6C6481C81DB4500F57DE8 /* AppDelegate.swift */ = {isa = PBXFileReference; lastKnownFileType = sourcecode.swift; path = AppDelegate.swift; sourceTree = "<group>"; };
		E9B6C64A1C81DB4500F57DE8 /* ViewController.swift */ = {isa = PBXFileReference; lastKnownFileType = sourcecode.swift; path = ViewController.swift; sourceTree = "<group>"; };
		E9B6C64D1C81DB4500F57DE8 /* Base */ = {isa = PBXFileReference; lastKnownFileType = file.storyboard; name = Base; path = Base.lproj/Main.storyboard; sourceTree = "<group>"; };
		E9B6C6501C81DB4500F57DE8 /* SDP.xcdatamodel */ = {isa = PBXFileReference; lastKnownFileType = wrapper.xcdatamodel; path = SDP.xcdatamodel; sourceTree = "<group>"; };
		E9B6C6521C81DB4500F57DE8 /* Assets.xcassets */ = {isa = PBXFileReference; lastKnownFileType = folder.assetcatalog; path = Assets.xcassets; sourceTree = "<group>"; };
		E9B6C6551C81DB4500F57DE8 /* Base */ = {isa = PBXFileReference; lastKnownFileType = file.storyboard; name = Base; path = Base.lproj/LaunchScreen.storyboard; sourceTree = "<group>"; };
		E9B6C6571C81DB4500F57DE8 /* Info.plist */ = {isa = PBXFileReference; lastKnownFileType = text.plist.xml; path = Info.plist; sourceTree = "<group>"; };
		E9B6C65C1C81DB4600F57DE8 /* SDPTests.xctest */ = {isa = PBXFileReference; explicitFileType = wrapper.cfbundle; includeInIndex = 0; path = SDPTests.xctest; sourceTree = BUILT_PRODUCTS_DIR; };
		E9B6C6601C81DB4600F57DE8 /* SDPTests.swift */ = {isa = PBXFileReference; lastKnownFileType = sourcecode.swift; path = SDPTests.swift; sourceTree = "<group>"; };
		E9B6C6621C81DB4600F57DE8 /* Info.plist */ = {isa = PBXFileReference; lastKnownFileType = text.plist.xml; path = Info.plist; sourceTree = "<group>"; };
		E9B6C6671C81DB4600F57DE8 /* SDPUITests.xctest */ = {isa = PBXFileReference; explicitFileType = wrapper.cfbundle; includeInIndex = 0; path = SDPUITests.xctest; sourceTree = BUILT_PRODUCTS_DIR; };
		E9B6C66B1C81DB4600F57DE8 /* SDPUITests.swift */ = {isa = PBXFileReference; lastKnownFileType = sourcecode.swift; path = SDPUITests.swift; sourceTree = "<group>"; };
		E9B6C66D1C81DB4600F57DE8 /* Info.plist */ = {isa = PBXFileReference; lastKnownFileType = text.plist.xml; path = Info.plist; sourceTree = "<group>"; };
		E9B6C6791C81E1D700F57DE8 /* Authentication.swift */ = {isa = PBXFileReference; fileEncoding = 4; lastKnownFileType = sourcecode.swift; path = Authentication.swift; sourceTree = "<group>"; };
		E9B7BB171CCA742D001AD871 /* Slide1.PNG */ = {isa = PBXFileReference; lastKnownFileType = image.png; path = Slide1.PNG; sourceTree = "<group>"; };
		E9B7BB191CCA742D001AD871 /* Slide3.PNG */ = {isa = PBXFileReference; lastKnownFileType = image.png; path = Slide3.PNG; sourceTree = "<group>"; };
		E9B7BB1A1CCA742D001AD871 /* Slide5.PNG */ = {isa = PBXFileReference; lastKnownFileType = image.png; path = Slide5.PNG; sourceTree = "<group>"; };
		E9B7BB1B1CCA742D001AD871 /* Slide6.PNG */ = {isa = PBXFileReference; lastKnownFileType = image.png; path = Slide6.PNG; sourceTree = "<group>"; };
		E9B7BB1C1CCA742D001AD871 /* Slide7.PNG */ = {isa = PBXFileReference; lastKnownFileType = image.png; path = Slide7.PNG; sourceTree = "<group>"; };
		E9B7BB1D1CCA742D001AD871 /* Slide8.PNG */ = {isa = PBXFileReference; lastKnownFileType = image.png; path = Slide8.PNG; sourceTree = "<group>"; };
		E9B7BB251CCA8A2C001AD871 /* Slide2.PNG */ = {isa = PBXFileReference; lastKnownFileType = image.png; path = Slide2.PNG; sourceTree = "<group>"; };
		E9B7BB271CCA98F2001AD871 /* BestFix2.png */ = {isa = PBXFileReference; lastKnownFileType = image.png; path = BestFix2.png; sourceTree = "<group>"; };
		E9B7BB291CCC092E001AD871 /* ProviderViewController.swift */ = {isa = PBXFileReference; fileEncoding = 4; lastKnownFileType = sourcecode.swift; path = ProviderViewController.swift; sourceTree = "<group>"; };
		E9B7BB2B1CCC0997001AD871 /* ViewJobsViewController.swift */ = {isa = PBXFileReference; fileEncoding = 4; lastKnownFileType = sourcecode.swift; path = ViewJobsViewController.swift; sourceTree = "<group>"; };
		E9B7BB2D1CCC0EE0001AD871 /* tableviewcellviewjobs.swift */ = {isa = PBXFileReference; fileEncoding = 4; lastKnownFileType = sourcecode.swift; path = tableviewcellviewjobs.swift; sourceTree = "<group>"; };
		E9C196AC1CCCB451001144AF /* viewBidsViewController.swift */ = {isa = PBXFileReference; fileEncoding = 4; lastKnownFileType = sourcecode.swift; path = viewBidsViewController.swift; sourceTree = "<group>"; };
		E9C196AE1CCCB4CA001144AF /* tableviewcellviewbids.swift */ = {isa = PBXFileReference; fileEncoding = 4; lastKnownFileType = sourcecode.swift; path = tableviewcellviewbids.swift; sourceTree = "<group>"; };
		E9CB1FAD1C95EA9100EB0D61 /* MainPageViewController.swift */ = {isa = PBXFileReference; fileEncoding = 4; lastKnownFileType = sourcecode.swift; name = MainPageViewController.swift; path = ../MainPageViewController.swift; sourceTree = "<group>"; };
		E9D838671CA19C8F00BD378E /* LoggedInViewController.swift */ = {isa = PBXFileReference; fileEncoding = 4; lastKnownFileType = sourcecode.swift; path = LoggedInViewController.swift; sourceTree = "<group>"; };
/* End PBXFileReference section */

/* Begin PBXFrameworksBuildPhase section */
		E9B6C6421C81DB4400F57DE8 /* Frameworks */ = {
			isa = PBXFrameworksBuildPhase;
			buildActionMask = 2147483647;
			files = (
			);
			runOnlyForDeploymentPostprocessing = 0;
		};
		E9B6C6591C81DB4600F57DE8 /* Frameworks */ = {
			isa = PBXFrameworksBuildPhase;
			buildActionMask = 2147483647;
			files = (
			);
			runOnlyForDeploymentPostprocessing = 0;
		};
		E9B6C6641C81DB4600F57DE8 /* Frameworks */ = {
			isa = PBXFrameworksBuildPhase;
			buildActionMask = 2147483647;
			files = (
			);
			runOnlyForDeploymentPostprocessing = 0;
		};
/* End PBXFrameworksBuildPhase section */

/* Begin PBXGroup section */
		E9B6C63C1C81DB4400F57DE8 = {
			isa = PBXGroup;
			children = (
				E9B7BB161CCA7419001AD871 /* pics */,
				E9B6C6471C81DB4500F57DE8 /* SDP */,
				E9B6C65F1C81DB4600F57DE8 /* SDPTests */,
				E9B6C66A1C81DB4600F57DE8 /* SDPUITests */,
				E9B6C6461C81DB4500F57DE8 /* Products */,
			);
			sourceTree = "<group>";
		};
		E9B6C6461C81DB4500F57DE8 /* Products */ = {
			isa = PBXGroup;
			children = (
				E9B6C6451C81DB4500F57DE8 /* SDP.app */,
				E9B6C65C1C81DB4600F57DE8 /* SDPTests.xctest */,
				E9B6C6671C81DB4600F57DE8 /* SDPUITests.xctest */,
			);
			name = Products;
			sourceTree = "<group>";
		};
		E9B6C6471C81DB4500F57DE8 /* SDP */ = {
			isa = PBXGroup;
			children = (
				E92071681CA9310300363953 /* ProfileViewController.swift */,
				E9CB1FAD1C95EA9100EB0D61 /* MainPageViewController.swift */,
				E9B6C6481C81DB4500F57DE8 /* AppDelegate.swift */,
				E9B6C64A1C81DB4500F57DE8 /* ViewController.swift */,
				E9B6C64C1C81DB4500F57DE8 /* Main.storyboard */,
				E9C196AC1CCCB451001144AF /* viewBidsViewController.swift */,
				E9C196AE1CCCB4CA001144AF /* tableviewcellviewbids.swift */,
				E9B7BB2B1CCC0997001AD871 /* ViewJobsViewController.swift */,
				E9B7BB2D1CCC0EE0001AD871 /* tableviewcellviewjobs.swift */,
				E9B7BB291CCC092E001AD871 /* ProviderViewController.swift */,
				E91794211CC62EE500AADF09 /* pictures.swift */,
				E920716E1CBE5A3600363953 /* ViewProfileViewController.swift */,
				E920716C1CBCD1EA00363953 /* PostJobViewController.swift */,
				E9D838671CA19C8F00BD378E /* LoggedInViewController.swift */,
				E9B6C6791C81E1D700F57DE8 /* Authentication.swift */,
				E9B6C6521C81DB4500F57DE8 /* Assets.xcassets */,
				E9B6C6541C81DB4500F57DE8 /* LaunchScreen.storyboard */,
				E9B6C6571C81DB4500F57DE8 /* Info.plist */,
				E9B6C64F1C81DB4500F57DE8 /* SDP.xcdatamodeld */,
				E920716A1CB3BC3200363953 /* Jobs.swift */,
			);
			path = SDP;
			sourceTree = "<group>";
		};
		E9B6C65F1C81DB4600F57DE8 /* SDPTests */ = {
			isa = PBXGroup;
			children = (
				E9B6C6601C81DB4600F57DE8 /* SDPTests.swift */,
				E9B6C6621C81DB4600F57DE8 /* Info.plist */,
			);
			path = SDPTests;
			sourceTree = "<group>";
		};
		E9B6C66A1C81DB4600F57DE8 /* SDPUITests */ = {
			isa = PBXGroup;
			children = (
				E9B6C66B1C81DB4600F57DE8 /* SDPUITests.swift */,
				E9B6C66D1C81DB4600F57DE8 /* Info.plist */,
			);
			path = SDPUITests;
			sourceTree = "<group>";
		};
		E9B7BB161CCA7419001AD871 /* pics */ = {
			isa = PBXGroup;
			children = (
				E9B7BB171CCA742D001AD871 /* Slide1.PNG */,
				E9B7BB271CCA98F2001AD871 /* BestFix2.png */,
				E9B7BB251CCA8A2C001AD871 /* Slide2.PNG */,
				E9B7BB191CCA742D001AD871 /* Slide3.PNG */,
				E9B7BB1A1CCA742D001AD871 /* Slide5.PNG */,
				E9B7BB1B1CCA742D001AD871 /* Slide6.PNG */,
				E9B7BB1C1CCA742D001AD871 /* Slide7.PNG */,
				E9B7BB1D1CCA742D001AD871 /* Slide8.PNG */,
			);
			name = pics;
			sourceTree = "<group>";
		};
/* End PBXGroup section */

/* Begin PBXNativeTarget section */
		E9B6C6441C81DB4400F57DE8 /* SDP */ = {
			isa = PBXNativeTarget;
			buildConfigurationList = E9B6C6701C81DB4600F57DE8 /* Build configuration list for PBXNativeTarget "SDP" */;
			buildPhases = (
				E9B6C6411C81DB4400F57DE8 /* Sources */,
				E9B6C6421C81DB4400F57DE8 /* Frameworks */,
				E9B6C6431C81DB4400F57DE8 /* Resources */,
			);
			buildRules = (
			);
			dependencies = (
			);
			name = SDP;
			productName = SDP;
			productReference = E9B6C6451C81DB4500F57DE8 /* SDP.app */;
			productType = "com.apple.product-type.application";
		};
		E9B6C65B1C81DB4600F57DE8 /* SDPTests */ = {
			isa = PBXNativeTarget;
			buildConfigurationList = E9B6C6731C81DB4600F57DE8 /* Build configuration list for PBXNativeTarget "SDPTests" */;
			buildPhases = (
				E9B6C6581C81DB4600F57DE8 /* Sources */,
				E9B6C6591C81DB4600F57DE8 /* Frameworks */,
				E9B6C65A1C81DB4600F57DE8 /* Resources */,
			);
			buildRules = (
			);
			dependencies = (
				E9B6C65E1C81DB4600F57DE8 /* PBXTargetDependency */,
			);
			name = SDPTests;
			productName = SDPTests;
			productReference = E9B6C65C1C81DB4600F57DE8 /* SDPTests.xctest */;
			productType = "com.apple.product-type.bundle.unit-test";
		};
		E9B6C6661C81DB4600F57DE8 /* SDPUITests */ = {
			isa = PBXNativeTarget;
			buildConfigurationList = E9B6C6761C81DB4600F57DE8 /* Build configuration list for PBXNativeTarget "SDPUITests" */;
			buildPhases = (
				E9B6C6631C81DB4600F57DE8 /* Sources */,
				E9B6C6641C81DB4600F57DE8 /* Frameworks */,
				E9B6C6651C81DB4600F57DE8 /* Resources */,
			);
			buildRules = (
			);
			dependencies = (
				E9B6C6691C81DB4600F57DE8 /* PBXTargetDependency */,
			);
			name = SDPUITests;
			productName = SDPUITests;
			productReference = E9B6C6671C81DB4600F57DE8 /* SDPUITests.xctest */;
			productType = "com.apple.product-type.bundle.ui-testing";
		};
/* End PBXNativeTarget section */

/* Begin PBXProject section */
		E9B6C63D1C81DB4400F57DE8 /* Project object */ = {
			isa = PBXProject;
			attributes = {
				LastSwiftUpdateCheck = 0720;
				LastUpgradeCheck = 0720;
				ORGANIZATIONNAME = khalid;
				TargetAttributes = {
					E9B6C6441C81DB4400F57DE8 = {
						CreatedOnToolsVersion = 7.2.1;
						DevelopmentTeam = QN253KE659;
					};
					E9B6C65B1C81DB4600F57DE8 = {
						CreatedOnToolsVersion = 7.2.1;
						TestTargetID = E9B6C6441C81DB4400F57DE8;
					};
					E9B6C6661C81DB4600F57DE8 = {
						CreatedOnToolsVersion = 7.2.1;
						TestTargetID = E9B6C6441C81DB4400F57DE8;
					};
				};
			};
			buildConfigurationList = E9B6C6401C81DB4400F57DE8 /* Build configuration list for PBXProject "SDP" */;
			compatibilityVersion = "Xcode 3.2";
			developmentRegion = English;
			hasScannedForEncodings = 0;
			knownRegions = (
				en,
				Base,
			);
			mainGroup = E9B6C63C1C81DB4400F57DE8;
			productRefGroup = E9B6C6461C81DB4500F57DE8 /* Products */;
			projectDirPath = "";
			projectRoot = "";
			targets = (
				E9B6C6441C81DB4400F57DE8 /* SDP */,
				E9B6C65B1C81DB4600F57DE8 /* SDPTests */,
				E9B6C6661C81DB4600F57DE8 /* SDPUITests */,
			);
		};
/* End PBXProject section */

/* Begin PBXResourcesBuildPhase section */
		E9B6C6431C81DB4400F57DE8 /* Resources */ = {
			isa = PBXResourcesBuildPhase;
			buildActionMask = 2147483647;
			files = (
				E9B6C6561C81DB4500F57DE8 /* LaunchScreen.storyboard in Resources */,
				E9B6C6531C81DB4500F57DE8 /* Assets.xcassets in Resources */,
				E9B7BB231CCA742D001AD871 /* Slide7.PNG in Resources */,
				E9B6C64E1C81DB4500F57DE8 /* Main.storyboard in Resources */,
				E9B7BB281CCA98F2001AD871 /* BestFix2.png in Resources */,
				E9B7BB211CCA742D001AD871 /* Slide5.PNG in Resources */,
				E9B7BB221CCA742D001AD871 /* Slide6.PNG in Resources */,
				E9B7BB201CCA742D001AD871 /* Slide3.PNG in Resources */,
				E9B7BB241CCA742D001AD871 /* Slide8.PNG in Resources */,
				E9B7BB261CCA8A2C001AD871 /* Slide2.PNG in Resources */,
				E9B7BB1E1CCA742D001AD871 /* Slide1.PNG in Resources */,
			);
			runOnlyForDeploymentPostprocessing = 0;
		};
		E9B6C65A1C81DB4600F57DE8 /* Resources */ = {
			isa = PBXResourcesBuildPhase;
			buildActionMask = 2147483647;
			files = (
			);
			runOnlyForDeploymentPostprocessing = 0;
		};
		E9B6C6651C81DB4600F57DE8 /* Resources */ = {
			isa = PBXResourcesBuildPhase;
			buildActionMask = 2147483647;
			files = (
			);
			runOnlyForDeploymentPostprocessing = 0;
		};
/* End PBXResourcesBuildPhase section */

/* Begin PBXSourcesBuildPhase section */
		E9B6C6411C81DB4400F57DE8 /* Sources */ = {
			isa = PBXSourcesBuildPhase;
			buildActionMask = 2147483647;
			files = (
				E9CB1FAE1C95EA9100EB0D61 /* MainPageViewController.swift in Sources */,
				E91794221CC62EE500AADF09 /* pictures.swift in Sources */,
				E9B6C64B1C81DB4500F57DE8 /* ViewController.swift in Sources */,
				E920716D1CBCD1EA00363953 /* PostJobViewController.swift in Sources */,
				E920716F1CBE5A3600363953 /* ViewProfileViewController.swift in Sources */,
				E9B6C6491C81DB4500F57DE8 /* AppDelegate.swift in Sources */,
				E9C196AF1CCCB4CA001144AF /* tableviewcellviewbids.swift in Sources */,
				E9B7BB2E1CCC0EE0001AD871 /* tableviewcellviewjobs.swift in Sources */,
				E920716B1CB3BC3200363953 /* Jobs.swift in Sources */,
				E9B7BB2C1CCC0997001AD871 /* ViewJobsViewController.swift in Sources */,
				E9D838681CA19C8F00BD378E /* LoggedInViewController.swift in Sources */,
				E9C196AD1CCCB451001144AF /* viewBidsViewController.swift in Sources */,
				E92071691CA9310300363953 /* ProfileViewController.swift in Sources */,
				E9B7BB2A1CCC092E001AD871 /* ProviderViewController.swift in Sources */,
				E9B6C6511C81DB4500F57DE8 /* SDP.xcdatamodeld in Sources */,
				E9B6C67A1C81E1D700F57DE8 /* Authentication.swift in Sources */,
			);
			runOnlyForDeploymentPostprocessing = 0;
		};
		E9B6C6581C81DB4600F57DE8 /* Sources */ = {
			isa = PBXSourcesBuildPhase;
			buildActionMask = 2147483647;
			files = (
				E9B6C6611C81DB4600F57DE8 /* SDPTests.swift in Sources */,
			);
			runOnlyForDeploymentPostprocessing = 0;
		};
		E9B6C6631C81DB4600F57DE8 /* Sources */ = {
			isa = PBXSourcesBuildPhase;
			buildActionMask = 2147483647;
			files = (
				E9B6C66C1C81DB4600F57DE8 /* SDPUITests.swift in Sources */,
			);
			runOnlyForDeploymentPostprocessing = 0;
		};
/* End PBXSourcesBuildPhase section */

/* Begin PBXTargetDependency section */
		E9B6C65E1C81DB4600F57DE8 /* PBXTargetDependency */ = {
			isa = PBXTargetDependency;
			target = E9B6C6441C81DB4400F57DE8 /* SDP */;
			targetProxy = E9B6C65D1C81DB4600F57DE8 /* PBXContainerItemProxy */;
		};
		E9B6C6691C81DB4600F57DE8 /* PBXTargetDependency */ = {
			isa = PBXTargetDependency;
			target = E9B6C6441C81DB4400F57DE8 /* SDP */;
			targetProxy = E9B6C6681C81DB4600F57DE8 /* PBXContainerItemProxy */;
		};
/* End PBXTargetDependency section */

/* Begin PBXVariantGroup section */
		E9B6C64C1C81DB4500F57DE8 /* Main.storyboard */ = {
			isa = PBXVariantGroup;
			children = (
				E9B6C64D1C81DB4500F57DE8 /* Base */,
			);
			name = Main.storyboard;
			sourceTree = "<group>";
		};
		E9B6C6541C81DB4500F57DE8 /* LaunchScreen.storyboard */ = {
			isa = PBXVariantGroup;
			children = (
				E9B6C6551C81DB4500F57DE8 /* Base */,
			);
			name = LaunchScreen.storyboard;
			sourceTree = "<group>";
		};
/* End PBXVariantGroup section */

/* Begin XCBuildConfiguration section */
		E9B6C66E1C81DB4600F57DE8 /* Debug */ = {
			isa = XCBuildConfiguration;
			buildSettings = {
				ALWAYS_SEARCH_USER_PATHS = NO;
				CLANG_CXX_LANGUAGE_STANDARD = "gnu++0x";
				CLANG_CXX_LIBRARY = "libc++";
				CLANG_ENABLE_MODULES = YES;
				CLANG_ENABLE_OBJC_ARC = YES;
				CLANG_WARN_BOOL_CONVERSION = YES;
				CLANG_WARN_CONSTANT_CONVERSION = YES;
				CLANG_WARN_DIRECT_OBJC_ISA_USAGE = YES_ERROR;
				CLANG_WARN_EMPTY_BODY = YES;
				CLANG_WARN_ENUM_CONVERSION = YES;
				CLANG_WARN_INT_CONVERSION = YES;
				CLANG_WARN_OBJC_ROOT_CLASS = YES_ERROR;
				CLANG_WARN_UNREACHABLE_CODE = YES;
				CLANG_WARN__DUPLICATE_METHOD_MATCH = YES;
				"CODE_SIGN_IDENTITY[sdk=iphoneos*]" = "iPhone Developer";
				COPY_PHASE_STRIP = NO;
				DEBUG_INFORMATION_FORMAT = dwarf;
				ENABLE_STRICT_OBJC_MSGSEND = YES;
				ENABLE_TESTABILITY = YES;
				GCC_C_LANGUAGE_STANDARD = gnu99;
				GCC_DYNAMIC_NO_PIC = NO;
				GCC_NO_COMMON_BLOCKS = YES;
				GCC_OPTIMIZATION_LEVEL = 0;
				GCC_PREPROCESSOR_DEFINITIONS = (
					"DEBUG=1",
					"$(inherited)",
				);
				GCC_WARN_64_TO_32_BIT_CONVERSION = YES;
				GCC_WARN_ABOUT_RETURN_TYPE = YES_ERROR;
				GCC_WARN_UNDECLARED_SELECTOR = YES;
				GCC_WARN_UNINITIALIZED_AUTOS = YES_AGGRESSIVE;
				GCC_WARN_UNUSED_FUNCTION = YES;
				GCC_WARN_UNUSED_VARIABLE = YES;
				IPHONEOS_DEPLOYMENT_TARGET = 9.2;
				MTL_ENABLE_DEBUG_INFO = YES;
				ONLY_ACTIVE_ARCH = YES;
				SDKROOT = iphoneos;
				SWIFT_OPTIMIZATION_LEVEL = "-Onone";
				TARGETED_DEVICE_FAMILY = "1,2";
			};
			name = Debug;
		};
		E9B6C66F1C81DB4600F57DE8 /* Release */ = {
			isa = XCBuildConfiguration;
			buildSettings = {
				ALWAYS_SEARCH_USER_PATHS = NO;
				CLANG_CXX_LANGUAGE_STANDARD = "gnu++0x";
				CLANG_CXX_LIBRARY = "libc++";
				CLANG_ENABLE_MODULES = YES;
				CLANG_ENABLE_OBJC_ARC = YES;
				CLANG_WARN_BOOL_CONVERSION = YES;
				CLANG_WARN_CONSTANT_CONVERSION = YES;
				CLANG_WARN_DIRECT_OBJC_ISA_USAGE = YES_ERROR;
				CLANG_WARN_EMPTY_BODY = YES;
				CLANG_WARN_ENUM_CONVERSION = YES;
				CLANG_WARN_INT_CONVERSION = YES;
				CLANG_WARN_OBJC_ROOT_CLASS = YES_ERROR;
				CLANG_WARN_UNREACHABLE_CODE = YES;
				CLANG_WARN__DUPLICATE_METHOD_MATCH = YES;
				"CODE_SIGN_IDENTITY[sdk=iphoneos*]" = "iPhone Developer";
				COPY_PHASE_STRIP = NO;
				DEBUG_INFORMATION_FORMAT = "dwarf-with-dsym";
				ENABLE_NS_ASSERTIONS = NO;
				ENABLE_STRICT_OBJC_MSGSEND = YES;
				GCC_C_LANGUAGE_STANDARD = gnu99;
				GCC_NO_COMMON_BLOCKS = YES;
				GCC_WARN_64_TO_32_BIT_CONVERSION = YES;
				GCC_WARN_ABOUT_RETURN_TYPE = YES_ERROR;
				GCC_WARN_UNDECLARED_SELECTOR = YES;
				GCC_WARN_UNINITIALIZED_AUTOS = YES_AGGRESSIVE;
				GCC_WARN_UNUSED_FUNCTION = YES;
				GCC_WARN_UNUSED_VARIABLE = YES;
				IPHONEOS_DEPLOYMENT_TARGET = 9.2;
				MTL_ENABLE_DEBUG_INFO = NO;
				SDKROOT = iphoneos;
				TARGETED_DEVICE_FAMILY = "1,2";
				VALIDATE_PRODUCT = YES;
			};
			name = Release;
		};
		E9B6C6711C81DB4600F57DE8 /* Debug */ = {
			isa = XCBuildConfiguration;
			buildSettings = {
				ASSETCATALOG_COMPILER_APPICON_NAME = AppIcon;
				CODE_SIGN_IDENTITY = "iPhone Developer";
				"CODE_SIGN_IDENTITY[sdk=iphoneos*]" = "iPhone Developer";
				INFOPLIST_FILE = SDP/Info.plist;
				LD_RUNPATH_SEARCH_PATHS = "$(inherited) @executable_path/Frameworks";
				PRODUCT_BUNDLE_IDENTIFIER = com.khaloodi196.SDP;
				PRODUCT_NAME = "$(TARGET_NAME)";
				PROVISIONING_PROFILE = "";
			};
			name = Debug;
		};
		E9B6C6721C81DB4600F57DE8 /* Release */ = {
			isa = XCBuildConfiguration;
			buildSettings = {
				ASSETCATALOG_COMPILER_APPICON_NAME = AppIcon;
				CODE_SIGN_IDENTITY = "iPhone Developer";
				"CODE_SIGN_IDENTITY[sdk=iphoneos*]" = "iPhone Developer";
				INFOPLIST_FILE = SDP/Info.plist;
				LD_RUNPATH_SEARCH_PATHS = "$(inherited) @executable_path/Frameworks";
				PRODUCT_BUNDLE_IDENTIFIER = com.khaloodi196.SDP;
				PRODUCT_NAME = "$(TARGET_NAME)";
				PROVISIONING_PROFILE = "";
			};
			name = Release;
		};
		E9B6C6741C81DB4600F57DE8 /* Debug */ = {
			isa = XCBuildConfiguration;
			buildSettings = {
				BUNDLE_LOADER = "$(TEST_HOST)";
				INFOPLIST_FILE = SDPTests/Info.plist;
				LD_RUNPATH_SEARCH_PATHS = "$(inherited) @executable_path/Frameworks @loader_path/Frameworks";
				PRODUCT_BUNDLE_IDENTIFIER = com.khaloodi196.SDPTests;
				PRODUCT_NAME = "$(TARGET_NAME)";
				TEST_HOST = "$(BUILT_PRODUCTS_DIR)/SDP.app/SDP";
			};
			name = Debug;
		};
		E9B6C6751C81DB4600F57DE8 /* Release */ = {
			isa = XCBuildConfiguration;
			buildSettings = {
				BUNDLE_LOADER = "$(TEST_HOST)";
				INFOPLIST_FILE = SDPTests/Info.plist;
				LD_RUNPATH_SEARCH_PATHS = "$(inherited) @executable_path/Frameworks @loader_path/Frameworks";
				PRODUCT_BUNDLE_IDENTIFIER = com.khaloodi196.SDPTests;
				PRODUCT_NAME = "$(TARGET_NAME)";
				TEST_HOST = "$(BUILT_PRODUCTS_DIR)/SDP.app/SDP";
			};
			name = Release;
		};
		E9B6C6771C81DB4600F57DE8 /* Debug */ = {
			isa = XCBuildConfiguration;
			buildSettings = {
				INFOPLIST_FILE = SDPUITests/Info.plist;
				LD_RUNPATH_SEARCH_PATHS = "$(inherited) @executable_path/Frameworks @loader_path/Frameworks";
				PRODUCT_BUNDLE_IDENTIFIER = com.khaloodi196.SDPUITests;
				PRODUCT_NAME = "$(TARGET_NAME)";
				TEST_TARGET_NAME = SDP;
				USES_XCTRUNNER = YES;
			};
			name = Debug;
		};
		E9B6C6781C81DB4600F57DE8 /* Release */ = {
			isa = XCBuildConfiguration;
			buildSettings = {
				INFOPLIST_FILE = SDPUITests/Info.plist;
				LD_RUNPATH_SEARCH_PATHS = "$(inherited) @executable_path/Frameworks @loader_path/Frameworks";
				PRODUCT_BUNDLE_IDENTIFIER = com.khaloodi196.SDPUITests;
				PRODUCT_NAME = "$(TARGET_NAME)";
				TEST_TARGET_NAME = SDP;
				USES_XCTRUNNER = YES;
			};
			name = Release;
		};
/* End XCBuildConfiguration section */

/* Begin XCConfigurationList section */
		E9B6C6401C81DB4400F57DE8 /* Build configuration list for PBXProject "SDP" */ = {
			isa = XCConfigurationList;
			buildConfigurations = (
				E9B6C66E1C81DB4600F57DE8 /* Debug */,
				E9B6C66F1C81DB4600F57DE8 /* Release */,
			);
			defaultConfigurationIsVisible = 0;
			defaultConfigurationName = Release;
		};
		E9B6C6701C81DB4600F57DE8 /* Build configuration list for PBXNativeTarget "SDP" */ = {
			isa = XCConfigurationList;
			buildConfigurations = (
				E9B6C6711C81DB4600F57DE8 /* Debug */,
				E9B6C6721C81DB4600F57DE8 /* Release */,
			);
			defaultConfigurationIsVisible = 0;
			defaultConfigurationName = Release;
		};
		E9B6C6731C81DB4600F57DE8 /* Build configuration list for PBXNativeTarget "SDPTests" */ = {
			isa = XCConfigurationList;
			buildConfigurations = (
				E9B6C6741C81DB4600F57DE8 /* Debug */,
				E9B6C6751C81DB4600F57DE8 /* Release */,
			);
			defaultConfigurationIsVisible = 0;
			defaultConfigurationName = Release;
		};
		E9B6C6761C81DB4600F57DE8 /* Build configuration list for PBXNativeTarget "SDPUITests" */ = {
			isa = XCConfigurationList;
			buildConfigurations = (
				E9B6C6771C81DB4600F57DE8 /* Debug */,
				E9B6C6781C81DB4600F57DE8 /* Release */,
			);
			defaultConfigurationIsVisible = 0;
			defaultConfigurationName = Release;
		};
/* End XCConfigurationList section */

/* Begin XCVersionGroup section */
		E9B6C64F1C81DB4500F57DE8 /* SDP.xcdatamodeld */ = {
			isa = XCVersionGroup;
			children = (
				E9B6C6501C81DB4500F57DE8 /* SDP.xcdatamodel */,
			);
			currentVersion = E9B6C6501C81DB4500F57DE8 /* SDP.xcdatamodel */;
			path = SDP.xcdatamodeld;
			sourceTree = "<group>";
			versionGroupType = wrapper.xcdatamodel;
		};
/* End XCVersionGroup section */
	};
	rootObject = E9B6C63D1C81DB4400F57DE8 /* Project object */;
}
